// !$*UTF8*$!
{
	archiveVersion = 1;
	classes = {
	};
	objectVersion = 54;
	objects = {

/* Begin PBXBuildFile section */
		9695E916251846DC001E8D51 /* CICOFoundationKit.framework in Frameworks */ = {isa = PBXBuildFile; fileRef = E47E297124C194D900F0B7D7 /* CICOFoundationKit.framework */; };
		9695E917251846DC001E8D51 /* CICOFoundationKit.framework in Embed Frameworks */ = {isa = PBXBuildFile; fileRef = E47E297124C194D900F0B7D7 /* CICOFoundationKit.framework */; settings = {ATTRIBUTES = (CodeSignOnCopy, RemoveHeadersOnCopy, ); }; };
		E437A82A24C1998A00C53176 /* UIImage+Bundle.swift in Sources */ = {isa = PBXBuildFile; fileRef = E437A81F24C1998A00C53176 /* UIImage+Bundle.swift */; };
		E437A82B24C1998A00C53176 /* UIApplication+topViewController.swift in Sources */ = {isa = PBXBuildFile; fileRef = E437A82124C1998A00C53176 /* UIApplication+topViewController.swift */; };
		E437A82C24C1998A00C53176 /* Bundle+bundle.swift in Sources */ = {isa = PBXBuildFile; fileRef = E437A82324C1998A00C53176 /* Bundle+bundle.swift */; };
		E437A82D24C1998A00C53176 /* ContainerView.swift in Sources */ = {isa = PBXBuildFile; fileRef = E437A82524C1998A00C53176 /* ContainerView.swift */; };
		E437A82E24C1998A00C53176 /* GCDAide.swift in Sources */ = {isa = PBXBuildFile; fileRef = E437A82724C1998A00C53176 /* GCDAide.swift */; };
		E437A82F24C1998A00C53176 /* DebugAide.swift in Sources */ = {isa = PBXBuildFile; fileRef = E437A82924C1998A00C53176 /* DebugAide.swift */; };
		E437A83524C19B4700C53176 /* GCDTimer.swift in Sources */ = {isa = PBXBuildFile; fileRef = E437A83424C19B4700C53176 /* GCDTimer.swift */; };
		E437A83F24C1A13500C53176 /* CICOFoundationKit.framework in Frameworks */ = {isa = PBXBuildFile; fileRef = E47E297124C194D900F0B7D7 /* CICOFoundationKit.framework */; };
		E437A85024C1ABFA00C53176 /* AppDelegate.swift in Sources */ = {isa = PBXBuildFile; fileRef = E437A84F24C1ABFA00C53176 /* AppDelegate.swift */; };
		E437A85224C1ABFA00C53176 /* SceneDelegate.swift in Sources */ = {isa = PBXBuildFile; fileRef = E437A85124C1ABFA00C53176 /* SceneDelegate.swift */; };
		E437A85424C1ABFA00C53176 /* ContentView.swift in Sources */ = {isa = PBXBuildFile; fileRef = E437A85324C1ABFA00C53176 /* ContentView.swift */; };
		E437A85624C1ABFC00C53176 /* Assets.xcassets in Resources */ = {isa = PBXBuildFile; fileRef = E437A85524C1ABFC00C53176 /* Assets.xcassets */; };
		E437A85924C1ABFC00C53176 /* Preview Assets.xcassets in Resources */ = {isa = PBXBuildFile; fileRef = E437A85824C1ABFC00C53176 /* Preview Assets.xcassets */; };
		E437A85C24C1ABFC00C53176 /* LaunchScreen.storyboard in Resources */ = {isa = PBXBuildFile; fileRef = E437A85A24C1ABFC00C53176 /* LaunchScreen.storyboard */; };
		E437A86224C1AC7100C53176 /* ContentViewModel.swift in Sources */ = {isa = PBXBuildFile; fileRef = E437A86124C1AC7100C53176 /* ContentViewModel.swift */; };
		E44571B724C6EC2A00309AFD /* FileManagerAide.swift in Sources */ = {isa = PBXBuildFile; fileRef = E44571AE24C6EC2A00309AFD /* FileManagerAide.swift */; };
		E44571B824C6EC2A00309AFD /* PathAide.swift in Sources */ = {isa = PBXBuildFile; fileRef = E44571AF24C6EC2A00309AFD /* PathAide.swift */; };
		E44571B924C6EC2A00309AFD /* SecurityAide+SHA.swift in Sources */ = {isa = PBXBuildFile; fileRef = E44571B124C6EC2A00309AFD /* SecurityAide+SHA.swift */; };
		E44571BA24C6EC2A00309AFD /* Data+Bytes.swift in Sources */ = {isa = PBXBuildFile; fileRef = E44571B224C6EC2A00309AFD /* Data+Bytes.swift */; };
		E44571BB24C6EC2A00309AFD /* SecurityAide.swift in Sources */ = {isa = PBXBuildFile; fileRef = E44571B324C6EC2A00309AFD /* SecurityAide.swift */; };
		E44571BC24C6EC2A00309AFD /* SecurityAide+AES.swift in Sources */ = {isa = PBXBuildFile; fileRef = E44571B424C6EC2A00309AFD /* SecurityAide+AES.swift */; };
		E44571BD24C6EC2A00309AFD /* SecurityAide+HMAC.swift in Sources */ = {isa = PBXBuildFile; fileRef = E44571B524C6EC2A00309AFD /* SecurityAide+HMAC.swift */; };
		E44571BE24C6EC2A00309AFD /* SecurityAide+MD5.swift in Sources */ = {isa = PBXBuildFile; fileRef = E44571B624C6EC2A00309AFD /* SecurityAide+MD5.swift */; };
		E44571C124C6EC9D00309AFD /* UIColor+rgba.swift in Sources */ = {isa = PBXBuildFile; fileRef = E44571C024C6EC9D00309AFD /* UIColor+rgba.swift */; };
		E44571C524C6F01100309AFD /* DateFormatter+format.swift in Sources */ = {isa = PBXBuildFile; fileRef = E44571C424C6F01100309AFD /* DateFormatter+format.swift */; };
		E44571C724C6F0C200309AFD /* Date+format.swift in Sources */ = {isa = PBXBuildFile; fileRef = E44571C624C6F0C200309AFD /* Date+format.swift */; };
		E4576C5524C7E83300497094 /* SecurityAideTests.swift in Sources */ = {isa = PBXBuildFile; fileRef = E4576C5424C7E83300497094 /* SecurityAideTests.swift */; };
		E47E298024C1964400F0B7D7 /* CICOFoundationKit.h in Headers */ = {isa = PBXBuildFile; fileRef = E47E297E24C1964400F0B7D7 /* CICOFoundationKit.h */; settings = {ATTRIBUTES = (Public, ); }; };
/* End PBXBuildFile section */

/* Begin PBXContainerItemProxy section */
		E437A84024C1A13500C53176 /* PBXContainerItemProxy */ = {
			isa = PBXContainerItemProxy;
			containerPortal = E47E296824C194D900F0B7D7 /* Project object */;
			proxyType = 1;
			remoteGlobalIDString = E47E297024C194D900F0B7D7;
			remoteInfo = CICOFoundationKit;
		};
		E437A86524C1B07A00C53176 /* PBXContainerItemProxy */ = {
			isa = PBXContainerItemProxy;
			containerPortal = E47E296824C194D900F0B7D7 /* Project object */;
			proxyType = 1;
			remoteGlobalIDString = E47E297024C194D900F0B7D7;
			remoteInfo = CICOFoundationKit;
		};
/* End PBXContainerItemProxy section */

/* Begin PBXCopyFilesBuildPhase section */
		9695E918251846DC001E8D51 /* Embed Frameworks */ = {
			isa = PBXCopyFilesBuildPhase;
			buildActionMask = 2147483647;
			dstPath = "";
			dstSubfolderSpec = 10;
			files = (
				9695E917251846DC001E8D51 /* CICOFoundationKit.framework in Embed Frameworks */,
			);
			name = "Embed Frameworks";
			runOnlyForDeploymentPostprocessing = 0;
		};
/* End PBXCopyFilesBuildPhase section */

/* Begin PBXFileReference section */
		E437A81F24C1998A00C53176 /* UIImage+Bundle.swift */ = {isa = PBXFileReference; fileEncoding = 4; lastKnownFileType = sourcecode.swift; path = "UIImage+Bundle.swift"; sourceTree = "<group>"; };
		E437A82124C1998A00C53176 /* UIApplication+topViewController.swift */ = {isa = PBXFileReference; fileEncoding = 4; lastKnownFileType = sourcecode.swift; path = "UIApplication+topViewController.swift"; sourceTree = "<group>"; };
		E437A82324C1998A00C53176 /* Bundle+bundle.swift */ = {isa = PBXFileReference; fileEncoding = 4; lastKnownFileType = sourcecode.swift; path = "Bundle+bundle.swift"; sourceTree = "<group>"; };
		E437A82524C1998A00C53176 /* ContainerView.swift */ = {isa = PBXFileReference; fileEncoding = 4; lastKnownFileType = sourcecode.swift; path = ContainerView.swift; sourceTree = "<group>"; };
		E437A82724C1998A00C53176 /* GCDAide.swift */ = {isa = PBXFileReference; fileEncoding = 4; lastKnownFileType = sourcecode.swift; path = GCDAide.swift; sourceTree = "<group>"; };
		E437A82924C1998A00C53176 /* DebugAide.swift */ = {isa = PBXFileReference; fileEncoding = 4; lastKnownFileType = sourcecode.swift; path = DebugAide.swift; sourceTree = "<group>"; };
		E437A83424C19B4700C53176 /* GCDTimer.swift */ = {isa = PBXFileReference; lastKnownFileType = sourcecode.swift; path = GCDTimer.swift; sourceTree = "<group>"; };
		E437A83A24C1A13500C53176 /* CICOFoundationKitTests.xctest */ = {isa = PBXFileReference; explicitFileType = wrapper.cfbundle; includeInIndex = 0; path = CICOFoundationKitTests.xctest; sourceTree = BUILT_PRODUCTS_DIR; };
		E437A83E24C1A13500C53176 /* Info.plist */ = {isa = PBXFileReference; lastKnownFileType = text.plist.xml; path = Info.plist; sourceTree = "<group>"; };
		E437A84D24C1ABFA00C53176 /* Demo.app */ = {isa = PBXFileReference; explicitFileType = wrapper.application; includeInIndex = 0; path = Demo.app; sourceTree = BUILT_PRODUCTS_DIR; };
		E437A84F24C1ABFA00C53176 /* AppDelegate.swift */ = {isa = PBXFileReference; lastKnownFileType = sourcecode.swift; path = AppDelegate.swift; sourceTree = "<group>"; };
		E437A85124C1ABFA00C53176 /* SceneDelegate.swift */ = {isa = PBXFileReference; lastKnownFileType = sourcecode.swift; path = SceneDelegate.swift; sourceTree = "<group>"; };
		E437A85324C1ABFA00C53176 /* ContentView.swift */ = {isa = PBXFileReference; lastKnownFileType = sourcecode.swift; path = ContentView.swift; sourceTree = "<group>"; };
		E437A85524C1ABFC00C53176 /* Assets.xcassets */ = {isa = PBXFileReference; lastKnownFileType = folder.assetcatalog; path = Assets.xcassets; sourceTree = "<group>"; };
		E437A85824C1ABFC00C53176 /* Preview Assets.xcassets */ = {isa = PBXFileReference; lastKnownFileType = folder.assetcatalog; path = "Preview Assets.xcassets"; sourceTree = "<group>"; };
		E437A85B24C1ABFC00C53176 /* Base */ = {isa = PBXFileReference; lastKnownFileType = file.storyboard; name = Base; path = Base.lproj/LaunchScreen.storyboard; sourceTree = "<group>"; };
		E437A85D24C1ABFC00C53176 /* Info.plist */ = {isa = PBXFileReference; lastKnownFileType = text.plist.xml; path = Info.plist; sourceTree = "<group>"; };
		E437A86124C1AC7100C53176 /* ContentViewModel.swift */ = {isa = PBXFileReference; lastKnownFileType = sourcecode.swift; path = ContentViewModel.swift; sourceTree = "<group>"; };
		E44571AE24C6EC2A00309AFD /* FileManagerAide.swift */ = {isa = PBXFileReference; fileEncoding = 4; lastKnownFileType = sourcecode.swift; path = FileManagerAide.swift; sourceTree = "<group>"; };
		E44571AF24C6EC2A00309AFD /* PathAide.swift */ = {isa = PBXFileReference; fileEncoding = 4; lastKnownFileType = sourcecode.swift; path = PathAide.swift; sourceTree = "<group>"; };
		E44571B124C6EC2A00309AFD /* SecurityAide+SHA.swift */ = {isa = PBXFileReference; fileEncoding = 4; lastKnownFileType = sourcecode.swift; path = "SecurityAide+SHA.swift"; sourceTree = "<group>"; };
		E44571B224C6EC2A00309AFD /* Data+Bytes.swift */ = {isa = PBXFileReference; fileEncoding = 4; lastKnownFileType = sourcecode.swift; path = "Data+Bytes.swift"; sourceTree = "<group>"; };
		E44571B324C6EC2A00309AFD /* SecurityAide.swift */ = {isa = PBXFileReference; fileEncoding = 4; lastKnownFileType = sourcecode.swift; path = SecurityAide.swift; sourceTree = "<group>"; };
		E44571B424C6EC2A00309AFD /* SecurityAide+AES.swift */ = {isa = PBXFileReference; fileEncoding = 4; lastKnownFileType = sourcecode.swift; path = "SecurityAide+AES.swift"; sourceTree = "<group>"; };
		E44571B524C6EC2A00309AFD /* SecurityAide+HMAC.swift */ = {isa = PBXFileReference; fileEncoding = 4; lastKnownFileType = sourcecode.swift; path = "SecurityAide+HMAC.swift"; sourceTree = "<group>"; };
		E44571B624C6EC2A00309AFD /* SecurityAide+MD5.swift */ = {isa = PBXFileReference; fileEncoding = 4; lastKnownFileType = sourcecode.swift; path = "SecurityAide+MD5.swift"; sourceTree = "<group>"; };
		E44571C024C6EC9D00309AFD /* UIColor+rgba.swift */ = {isa = PBXFileReference; lastKnownFileType = sourcecode.swift; path = "UIColor+rgba.swift"; sourceTree = "<group>"; };
		E44571C424C6F01100309AFD /* DateFormatter+format.swift */ = {isa = PBXFileReference; lastKnownFileType = sourcecode.swift; path = "DateFormatter+format.swift"; sourceTree = "<group>"; };
		E44571C624C6F0C200309AFD /* Date+format.swift */ = {isa = PBXFileReference; lastKnownFileType = sourcecode.swift; path = "Date+format.swift"; sourceTree = "<group>"; };
		E4576C5424C7E83300497094 /* SecurityAideTests.swift */ = {isa = PBXFileReference; fileEncoding = 4; lastKnownFileType = sourcecode.swift; path = SecurityAideTests.swift; sourceTree = "<group>"; };
		E47E297124C194D900F0B7D7 /* CICOFoundationKit.framework */ = {isa = PBXFileReference; explicitFileType = wrapper.framework; includeInIndex = 0; path = CICOFoundationKit.framework; sourceTree = BUILT_PRODUCTS_DIR; };
		E47E297D24C1964400F0B7D7 /* Info.plist */ = {isa = PBXFileReference; fileEncoding = 4; lastKnownFileType = text.plist.xml; path = Info.plist; sourceTree = "<group>"; };
		E47E297E24C1964400F0B7D7 /* CICOFoundationKit.h */ = {isa = PBXFileReference; fileEncoding = 4; lastKnownFileType = sourcecode.c.h; path = CICOFoundationKit.h; sourceTree = "<group>"; };
/* End PBXFileReference section */

/* Begin PBXFrameworksBuildPhase section */
		E437A83724C1A13500C53176 /* Frameworks */ = {
			isa = PBXFrameworksBuildPhase;
			buildActionMask = 2147483647;
			files = (
				E437A83F24C1A13500C53176 /* CICOFoundationKit.framework in Frameworks */,
			);
			runOnlyForDeploymentPostprocessing = 0;
		};
		E437A84A24C1ABFA00C53176 /* Frameworks */ = {
			isa = PBXFrameworksBuildPhase;
			buildActionMask = 2147483647;
			files = (
				9695E916251846DC001E8D51 /* CICOFoundationKit.framework in Frameworks */,
			);
			runOnlyForDeploymentPostprocessing = 0;
		};
		E47E296E24C194D900F0B7D7 /* Frameworks */ = {
			isa = PBXFrameworksBuildPhase;
			buildActionMask = 2147483647;
			files = (
			);
			runOnlyForDeploymentPostprocessing = 0;
		};
/* End PBXFrameworksBuildPhase section */

/* Begin PBXGroup section */
		E437A81D24C1998A00C53176 /* extension */ = {
			isa = PBXGroup;
			children = (
				E44571C324C6EFEE00309AFD /* Date */,
				E437A82224C1998A00C53176 /* Bundle */,
				E437A82024C1998A00C53176 /* UIApplication */,
				E44571BF24C6EC7E00309AFD /* UIColor */,
				E437A81E24C1998A00C53176 /* UIImage */,
			);
			path = extension;
			sourceTree = "<group>";
		};
		E437A81E24C1998A00C53176 /* UIImage */ = {
			isa = PBXGroup;
			children = (
				E437A81F24C1998A00C53176 /* UIImage+Bundle.swift */,
			);
			path = UIImage;
			sourceTree = "<group>";
		};
		E437A82024C1998A00C53176 /* UIApplication */ = {
			isa = PBXGroup;
			children = (
				E437A82124C1998A00C53176 /* UIApplication+topViewController.swift */,
			);
			path = UIApplication;
			sourceTree = "<group>";
		};
		E437A82224C1998A00C53176 /* Bundle */ = {
			isa = PBXGroup;
			children = (
				E437A82324C1998A00C53176 /* Bundle+bundle.swift */,
			);
			path = Bundle;
			sourceTree = "<group>";
		};
		E437A82424C1998A00C53176 /* container_view */ = {
			isa = PBXGroup;
			children = (
				E437A82524C1998A00C53176 /* ContainerView.swift */,
			);
			path = container_view;
			sourceTree = "<group>";
		};
		E437A82624C1998A00C53176 /* gcd */ = {
			isa = PBXGroup;
			children = (
				E437A82724C1998A00C53176 /* GCDAide.swift */,
			);
			path = gcd;
			sourceTree = "<group>";
		};
		E437A82824C1998A00C53176 /* debug */ = {
			isa = PBXGroup;
			children = (
				E437A82924C1998A00C53176 /* DebugAide.swift */,
			);
			path = debug;
			sourceTree = "<group>";
		};
		E437A83024C19ACD00C53176 /* view */ = {
			isa = PBXGroup;
			children = (
				E437A82424C1998A00C53176 /* container_view */,
			);
			path = view;
			sourceTree = "<group>";
		};
		E437A83124C19ADD00C53176 /* aide */ = {
			isa = PBXGroup;
			children = (
				E437A82824C1998A00C53176 /* debug */,
				E437A82624C1998A00C53176 /* gcd */,
				E44571AD24C6EC2A00309AFD /* path */,
				E44571B024C6EC2A00309AFD /* security */,
			);
			path = aide;
			sourceTree = "<group>";
		};
		E437A83224C19B2C00C53176 /* model */ = {
			isa = PBXGroup;
			children = (
				E437A83324C19B3200C53176 /* timer */,
			);
			path = model;
			sourceTree = "<group>";
		};
		E437A83324C19B3200C53176 /* timer */ = {
			isa = PBXGroup;
			children = (
				E437A83424C19B4700C53176 /* GCDTimer.swift */,
			);
			path = timer;
			sourceTree = "<group>";
		};
		E437A83B24C1A13500C53176 /* CICOFoundationKitTests */ = {
			isa = PBXGroup;
			children = (
				E437A83E24C1A13500C53176 /* Info.plist */,
				E4576C5424C7E83300497094 /* SecurityAideTests.swift */,
			);
			path = CICOFoundationKitTests;
			sourceTree = "<group>";
		};
		E437A84E24C1ABFA00C53176 /* Demo */ = {
			isa = PBXGroup;
			children = (
				E437A84F24C1ABFA00C53176 /* AppDelegate.swift */,
				E437A85124C1ABFA00C53176 /* SceneDelegate.swift */,
				E437A85324C1ABFA00C53176 /* ContentView.swift */,
				E437A86124C1AC7100C53176 /* ContentViewModel.swift */,
				E437A85524C1ABFC00C53176 /* Assets.xcassets */,
				E437A85A24C1ABFC00C53176 /* LaunchScreen.storyboard */,
				E437A85D24C1ABFC00C53176 /* Info.plist */,
				E437A85724C1ABFC00C53176 /* Preview Content */,
			);
			path = Demo;
			sourceTree = "<group>";
		};
		E437A85724C1ABFC00C53176 /* Preview Content */ = {
			isa = PBXGroup;
			children = (
				E437A85824C1ABFC00C53176 /* Preview Assets.xcassets */,
			);
			path = "Preview Content";
			sourceTree = "<group>";
		};
		E437A86324C1B06E00C53176 /* Frameworks */ = {
			isa = PBXGroup;
			children = (
			);
			name = Frameworks;
			sourceTree = "<group>";
		};
		E44571AD24C6EC2A00309AFD /* path */ = {
			isa = PBXGroup;
			children = (
				E44571AE24C6EC2A00309AFD /* FileManagerAide.swift */,
				E44571AF24C6EC2A00309AFD /* PathAide.swift */,
			);
			path = path;
			sourceTree = "<group>";
		};
		E44571B024C6EC2A00309AFD /* security */ = {
			isa = PBXGroup;
			children = (
				E44571B224C6EC2A00309AFD /* Data+Bytes.swift */,
				E44571B324C6EC2A00309AFD /* SecurityAide.swift */,
				E44571B424C6EC2A00309AFD /* SecurityAide+AES.swift */,
				E44571B524C6EC2A00309AFD /* SecurityAide+HMAC.swift */,
				E44571B624C6EC2A00309AFD /* SecurityAide+MD5.swift */,
				E44571B124C6EC2A00309AFD /* SecurityAide+SHA.swift */,
			);
			path = security;
			sourceTree = "<group>";
		};
		E44571BF24C6EC7E00309AFD /* UIColor */ = {
			isa = PBXGroup;
			children = (
				E44571C024C6EC9D00309AFD /* UIColor+rgba.swift */,
			);
			path = UIColor;
			sourceTree = "<group>";
		};
		E44571C324C6EFEE00309AFD /* Date */ = {
			isa = PBXGroup;
			children = (
				E44571C624C6F0C200309AFD /* Date+format.swift */,
				E44571C424C6F01100309AFD /* DateFormatter+format.swift */,
			);
			path = Date;
			sourceTree = "<group>";
		};
		E47E296724C194D900F0B7D7 = {
			isa = PBXGroup;
			children = (
				E47E297324C194D900F0B7D7 /* CICOFoundationKit */,
				E437A83B24C1A13500C53176 /* CICOFoundationKitTests */,
				E437A84E24C1ABFA00C53176 /* Demo */,
				E47E297224C194D900F0B7D7 /* Products */,
				E437A86324C1B06E00C53176 /* Frameworks */,
			);
			sourceTree = "<group>";
		};
		E47E297224C194D900F0B7D7 /* Products */ = {
			isa = PBXGroup;
			children = (
				E47E297124C194D900F0B7D7 /* CICOFoundationKit.framework */,
				E437A83A24C1A13500C53176 /* CICOFoundationKitTests.xctest */,
				E437A84D24C1ABFA00C53176 /* Demo.app */,
			);
			name = Products;
			sourceTree = "<group>";
		};
		E47E297324C194D900F0B7D7 /* CICOFoundationKit */ = {
			isa = PBXGroup;
			children = (
				E437A83124C19ADD00C53176 /* aide */,
				E437A81D24C1998A00C53176 /* extension */,
				E47E297C24C1957800F0B7D7 /* main */,
				E437A83224C19B2C00C53176 /* model */,
				E437A83024C19ACD00C53176 /* view */,
			);
			path = CICOFoundationKit;
			sourceTree = "<group>";
		};
		E47E297C24C1957800F0B7D7 /* main */ = {
			isa = PBXGroup;
			children = (
				E47E297E24C1964400F0B7D7 /* CICOFoundationKit.h */,
				E47E297D24C1964400F0B7D7 /* Info.plist */,
			);
			path = main;
			sourceTree = "<group>";
		};
/* End PBXGroup section */

/* Begin PBXHeadersBuildPhase section */
		E47E296C24C194D900F0B7D7 /* Headers */ = {
			isa = PBXHeadersBuildPhase;
			buildActionMask = 2147483647;
			files = (
				E47E298024C1964400F0B7D7 /* CICOFoundationKit.h in Headers */,
			);
			runOnlyForDeploymentPostprocessing = 0;
		};
/* End PBXHeadersBuildPhase section */

/* Begin PBXNativeTarget section */
		E437A83924C1A13500C53176 /* CICOFoundationKitTests */ = {
			isa = PBXNativeTarget;
			buildConfigurationList = E437A84224C1A13500C53176 /* Build configuration list for PBXNativeTarget "CICOFoundationKitTests" */;
			buildPhases = (
				E437A83624C1A13500C53176 /* Sources */,
				E437A83724C1A13500C53176 /* Frameworks */,
				E437A83824C1A13500C53176 /* Resources */,
			);
			buildRules = (
			);
			dependencies = (
				E437A84124C1A13500C53176 /* PBXTargetDependency */,
			);
			name = CICOFoundationKitTests;
			productName = CICOFoundationKitTests;
			productReference = E437A83A24C1A13500C53176 /* CICOFoundationKitTests.xctest */;
			productType = "com.apple.product-type.bundle.unit-test";
		};
		E437A84C24C1ABFA00C53176 /* Demo */ = {
			isa = PBXNativeTarget;
			buildConfigurationList = E437A85E24C1ABFC00C53176 /* Build configuration list for PBXNativeTarget "Demo" */;
			buildPhases = (
				E437A84924C1ABFA00C53176 /* Sources */,
				E437A84A24C1ABFA00C53176 /* Frameworks */,
				E437A84B24C1ABFA00C53176 /* Resources */,
				9695E918251846DC001E8D51 /* Embed Frameworks */,
			);
			buildRules = (
			);
			dependencies = (
				E437A86624C1B07A00C53176 /* PBXTargetDependency */,
			);
			name = Demo;
			productName = Demo;
			productReference = E437A84D24C1ABFA00C53176 /* Demo.app */;
			productType = "com.apple.product-type.application";
		};
		E47E297024C194D900F0B7D7 /* CICOFoundationKit */ = {
			isa = PBXNativeTarget;
			buildConfigurationList = E47E297924C194D900F0B7D7 /* Build configuration list for PBXNativeTarget "CICOFoundationKit" */;
			buildPhases = (
				E47E296C24C194D900F0B7D7 /* Headers */,
				E47E296D24C194D900F0B7D7 /* Sources */,
				E47E296E24C194D900F0B7D7 /* Frameworks */,
				E47E296F24C194D900F0B7D7 /* Resources */,
				E4C9011F24C58C09007573C8 /* SwiftLint */,
			);
			buildRules = (
			);
			dependencies = (
			);
			name = CICOFoundationKit;
			productName = CICOFoundationKit;
			productReference = E47E297124C194D900F0B7D7 /* CICOFoundationKit.framework */;
			productType = "com.apple.product-type.framework";
		};
/* End PBXNativeTarget section */

/* Begin PBXProject section */
		E47E296824C194D900F0B7D7 /* Project object */ = {
			isa = PBXProject;
			attributes = {
				BuildIndependentTargetsInParallel = YES;
				LastSwiftUpdateCheck = 1150;
				LastUpgradeCheck = 1600;
				ORGANIZATIONNAME = cico;
				TargetAttributes = {
					E437A83924C1A13500C53176 = {
						CreatedOnToolsVersion = 11.5;
					};
					E437A84C24C1ABFA00C53176 = {
						CreatedOnToolsVersion = 11.5;
					};
					E47E297024C194D900F0B7D7 = {
						CreatedOnToolsVersion = 11.5;
					};
				};
			};
			buildConfigurationList = E47E296B24C194D900F0B7D7 /* Build configuration list for PBXProject "CICOFoundationKit" */;
			compatibilityVersion = "Xcode 9.3";
			developmentRegion = en;
			hasScannedForEncodings = 0;
			knownRegions = (
				en,
				Base,
			);
			mainGroup = E47E296724C194D900F0B7D7;
			productRefGroup = E47E297224C194D900F0B7D7 /* Products */;
			projectDirPath = "";
			projectRoot = "";
			targets = (
				E47E297024C194D900F0B7D7 /* CICOFoundationKit */,
				E437A83924C1A13500C53176 /* CICOFoundationKitTests */,
				E437A84C24C1ABFA00C53176 /* Demo */,
			);
		};
/* End PBXProject section */

/* Begin PBXResourcesBuildPhase section */
		E437A83824C1A13500C53176 /* Resources */ = {
			isa = PBXResourcesBuildPhase;
			buildActionMask = 2147483647;
			files = (
			);
			runOnlyForDeploymentPostprocessing = 0;
		};
		E437A84B24C1ABFA00C53176 /* Resources */ = {
			isa = PBXResourcesBuildPhase;
			buildActionMask = 2147483647;
			files = (
				E437A85C24C1ABFC00C53176 /* LaunchScreen.storyboard in Resources */,
				E437A85924C1ABFC00C53176 /* Preview Assets.xcassets in Resources */,
				E437A85624C1ABFC00C53176 /* Assets.xcassets in Resources */,
			);
			runOnlyForDeploymentPostprocessing = 0;
		};
		E47E296F24C194D900F0B7D7 /* Resources */ = {
			isa = PBXResourcesBuildPhase;
			buildActionMask = 2147483647;
			files = (
			);
			runOnlyForDeploymentPostprocessing = 0;
		};
/* End PBXResourcesBuildPhase section */

/* Begin PBXShellScriptBuildPhase section */
		E4C9011F24C58C09007573C8 /* SwiftLint */ = {
			isa = PBXShellScriptBuildPhase;
			alwaysOutOfDate = 1;
			buildActionMask = 2147483647;
			files = (
			);
			inputFileListPaths = (
			);
			inputPaths = (
			);
			name = SwiftLint;
			outputFileListPaths = (
			);
			outputPaths = (
			);
			runOnlyForDeploymentPostprocessing = 0;
			shellPath = /bin/sh;
			shellScript = "if [ \"${CONFIGURATION}\" = \"Debug\" ]; then\n    if which swiftlint >/dev/null; then\n        swiftlint\n    else\n        echo \"warning: SwiftLint not installed, download from https://github.com/realm/SwiftLint\"\n    fi\nfi\n";
		};
/* End PBXShellScriptBuildPhase section */

/* Begin PBXSourcesBuildPhase section */
		E437A83624C1A13500C53176 /* Sources */ = {
			isa = PBXSourcesBuildPhase;
			buildActionMask = 2147483647;
			files = (
				E4576C5524C7E83300497094 /* SecurityAideTests.swift in Sources */,
			);
			runOnlyForDeploymentPostprocessing = 0;
		};
		E437A84924C1ABFA00C53176 /* Sources */ = {
			isa = PBXSourcesBuildPhase;
			buildActionMask = 2147483647;
			files = (
				E437A86224C1AC7100C53176 /* ContentViewModel.swift in Sources */,
				E437A85024C1ABFA00C53176 /* AppDelegate.swift in Sources */,
				E437A85224C1ABFA00C53176 /* SceneDelegate.swift in Sources */,
				E437A85424C1ABFA00C53176 /* ContentView.swift in Sources */,
			);
			runOnlyForDeploymentPostprocessing = 0;
		};
		E47E296D24C194D900F0B7D7 /* Sources */ = {
			isa = PBXSourcesBuildPhase;
			buildActionMask = 2147483647;
			files = (
				E437A82F24C1998A00C53176 /* DebugAide.swift in Sources */,
				E44571C524C6F01100309AFD /* DateFormatter+format.swift in Sources */,
				E44571C124C6EC9D00309AFD /* UIColor+rgba.swift in Sources */,
				E437A82E24C1998A00C53176 /* GCDAide.swift in Sources */,
				E44571BC24C6EC2A00309AFD /* SecurityAide+AES.swift in Sources */,
				E44571BA24C6EC2A00309AFD /* Data+Bytes.swift in Sources */,
				E44571B824C6EC2A00309AFD /* PathAide.swift in Sources */,
				E44571BB24C6EC2A00309AFD /* SecurityAide.swift in Sources */,
				E437A82A24C1998A00C53176 /* UIImage+Bundle.swift in Sources */,
				E44571BD24C6EC2A00309AFD /* SecurityAide+HMAC.swift in Sources */,
				E437A82D24C1998A00C53176 /* ContainerView.swift in Sources */,
				E437A82C24C1998A00C53176 /* Bundle+bundle.swift in Sources */,
				E44571C724C6F0C200309AFD /* Date+format.swift in Sources */,
				E437A82B24C1998A00C53176 /* UIApplication+topViewController.swift in Sources */,
				E44571BE24C6EC2A00309AFD /* SecurityAide+MD5.swift in Sources */,
				E44571B724C6EC2A00309AFD /* FileManagerAide.swift in Sources */,
				E437A83524C19B4700C53176 /* GCDTimer.swift in Sources */,
				E44571B924C6EC2A00309AFD /* SecurityAide+SHA.swift in Sources */,
			);
			runOnlyForDeploymentPostprocessing = 0;
		};
/* End PBXSourcesBuildPhase section */

/* Begin PBXTargetDependency section */
		E437A84124C1A13500C53176 /* PBXTargetDependency */ = {
			isa = PBXTargetDependency;
			target = E47E297024C194D900F0B7D7 /* CICOFoundationKit */;
			targetProxy = E437A84024C1A13500C53176 /* PBXContainerItemProxy */;
		};
		E437A86624C1B07A00C53176 /* PBXTargetDependency */ = {
			isa = PBXTargetDependency;
			target = E47E297024C194D900F0B7D7 /* CICOFoundationKit */;
			targetProxy = E437A86524C1B07A00C53176 /* PBXContainerItemProxy */;
		};
/* End PBXTargetDependency section */

/* Begin PBXVariantGroup section */
		E437A85A24C1ABFC00C53176 /* LaunchScreen.storyboard */ = {
			isa = PBXVariantGroup;
			children = (
				E437A85B24C1ABFC00C53176 /* Base */,
			);
			name = LaunchScreen.storyboard;
			sourceTree = "<group>";
		};
/* End PBXVariantGroup section */

/* Begin XCBuildConfiguration section */
		E437A84324C1A13500C53176 /* Debug */ = {
			isa = XCBuildConfiguration;
			buildSettings = {
				CODE_SIGN_STYLE = Automatic;
				INFOPLIST_FILE = CICOFoundationKitTests/Info.plist;
				IPHONEOS_DEPLOYMENT_TARGET = 12.0;
				LD_RUNPATH_SEARCH_PATHS = (
					"$(inherited)",
					"@executable_path/Frameworks",
					"@loader_path/Frameworks",
				);
				PRODUCT_BUNDLE_IDENTIFIER = com.cico.CICOFoundationKitTests;
				PRODUCT_NAME = "$(TARGET_NAME)";
				SWIFT_VERSION = 5.0;
				TARGETED_DEVICE_FAMILY = "1,2";
			};
			name = Debug;
		};
		E437A84424C1A13500C53176 /* Release */ = {
			isa = XCBuildConfiguration;
			buildSettings = {
				CODE_SIGN_STYLE = Automatic;
				INFOPLIST_FILE = CICOFoundationKitTests/Info.plist;
				IPHONEOS_DEPLOYMENT_TARGET = 12.0;
				LD_RUNPATH_SEARCH_PATHS = (
					"$(inherited)",
					"@executable_path/Frameworks",
					"@loader_path/Frameworks",
				);
				PRODUCT_BUNDLE_IDENTIFIER = com.cico.CICOFoundationKitTests;
				PRODUCT_NAME = "$(TARGET_NAME)";
				SWIFT_VERSION = 5.0;
				TARGETED_DEVICE_FAMILY = "1,2";
			};
			name = Release;
		};
		E437A85F24C1ABFC00C53176 /* Debug */ = {
			isa = XCBuildConfiguration;
			buildSettings = {
				ASSETCATALOG_COMPILER_APPICON_NAME = AppIcon;
				CODE_SIGN_STYLE = Automatic;
				DEVELOPMENT_ASSET_PATHS = "\"Demo/Preview Content\"";
				DEVELOPMENT_TEAM = "";
				ENABLE_PREVIEWS = YES;
				INFOPLIST_FILE = Demo/Info.plist;
				IPHONEOS_DEPLOYMENT_TARGET = 13.0;
				LD_RUNPATH_SEARCH_PATHS = (
					"$(inherited)",
					"@executable_path/Frameworks",
				);
				PRODUCT_BUNDLE_IDENTIFIER = com.cico.Demo;
				PRODUCT_NAME = "$(TARGET_NAME)";
				SWIFT_VERSION = 5.0;
				TARGETED_DEVICE_FAMILY = "1,2";
			};
			name = Debug;
		};
		E437A86024C1ABFC00C53176 /* Release */ = {
			isa = XCBuildConfiguration;
			buildSettings = {
				ASSETCATALOG_COMPILER_APPICON_NAME = AppIcon;
				CODE_SIGN_STYLE = Automatic;
				DEVELOPMENT_ASSET_PATHS = "\"Demo/Preview Content\"";
				DEVELOPMENT_TEAM = "";
				ENABLE_PREVIEWS = YES;
				INFOPLIST_FILE = Demo/Info.plist;
				IPHONEOS_DEPLOYMENT_TARGET = 13.0;
				LD_RUNPATH_SEARCH_PATHS = (
					"$(inherited)",
					"@executable_path/Frameworks",
				);
				PRODUCT_BUNDLE_IDENTIFIER = com.cico.Demo;
				PRODUCT_NAME = "$(TARGET_NAME)";
				SWIFT_VERSION = 5.0;
				TARGETED_DEVICE_FAMILY = "1,2";
			};
			name = Release;
		};
		E47E297724C194D900F0B7D7 /* Debug */ = {
			isa = XCBuildConfiguration;
			buildSettings = {
				ALWAYS_SEARCH_USER_PATHS = NO;
				CLANG_ANALYZER_NONNULL = YES;
				CLANG_ANALYZER_NUMBER_OBJECT_CONVERSION = YES_AGGRESSIVE;
				CLANG_CXX_LANGUAGE_STANDARD = "gnu++14";
				CLANG_CXX_LIBRARY = "libc++";
				CLANG_ENABLE_MODULES = YES;
				CLANG_ENABLE_OBJC_ARC = YES;
				CLANG_ENABLE_OBJC_WEAK = YES;
				CLANG_WARN_BLOCK_CAPTURE_AUTORELEASING = YES;
				CLANG_WARN_BOOL_CONVERSION = YES;
				CLANG_WARN_COMMA = YES;
				CLANG_WARN_CONSTANT_CONVERSION = YES;
				CLANG_WARN_DEPRECATED_OBJC_IMPLEMENTATIONS = YES;
				CLANG_WARN_DIRECT_OBJC_ISA_USAGE = YES_ERROR;
				CLANG_WARN_DOCUMENTATION_COMMENTS = YES;
				CLANG_WARN_EMPTY_BODY = YES;
				CLANG_WARN_ENUM_CONVERSION = YES;
				CLANG_WARN_INFINITE_RECURSION = YES;
				CLANG_WARN_INT_CONVERSION = YES;
				CLANG_WARN_NON_LITERAL_NULL_CONVERSION = YES;
				CLANG_WARN_OBJC_IMPLICIT_RETAIN_SELF = YES;
				CLANG_WARN_OBJC_LITERAL_CONVERSION = YES;
				CLANG_WARN_OBJC_ROOT_CLASS = YES_ERROR;
				CLANG_WARN_QUOTED_INCLUDE_IN_FRAMEWORK_HEADER = YES;
				CLANG_WARN_RANGE_LOOP_ANALYSIS = YES;
				CLANG_WARN_STRICT_PROTOTYPES = YES;
				CLANG_WARN_SUSPICIOUS_MOVE = YES;
				CLANG_WARN_UNGUARDED_AVAILABILITY = YES_AGGRESSIVE;
				CLANG_WARN_UNREACHABLE_CODE = YES;
				CLANG_WARN__DUPLICATE_METHOD_MATCH = YES;
				COPY_PHASE_STRIP = NO;
				CURRENT_PROJECT_VERSION = "";
				DEBUG_INFORMATION_FORMAT = dwarf;
				ENABLE_STRICT_OBJC_MSGSEND = YES;
				ENABLE_TESTABILITY = YES;
				GCC_C_LANGUAGE_STANDARD = gnu11;
				GCC_DYNAMIC_NO_PIC = NO;
				GCC_NO_COMMON_BLOCKS = YES;
				GCC_OPTIMIZATION_LEVEL = 0;
				GCC_PREPROCESSOR_DEFINITIONS = (
					"DEBUG=1",
					"$(inherited)",
				);
				GCC_WARN_64_TO_32_BIT_CONVERSION = YES;
				GCC_WARN_ABOUT_RETURN_TYPE = YES_ERROR;
				GCC_WARN_UNDECLARED_SELECTOR = YES;
				GCC_WARN_UNINITIALIZED_AUTOS = YES_AGGRESSIVE;
				GCC_WARN_UNUSED_FUNCTION = YES;
				GCC_WARN_UNUSED_VARIABLE = YES;
				IPHONEOS_DEPLOYMENT_TARGET = 12.0;
				MTL_ENABLE_DEBUG_INFO = INCLUDE_SOURCE;
				MTL_FAST_MATH = YES;
				ONLY_ACTIVE_ARCH = YES;
				SDKROOT = iphoneos;
				SWIFT_ACTIVE_COMPILATION_CONDITIONS = DEBUG;
				SWIFT_OPTIMIZATION_LEVEL = "-Onone";
				VERSIONING_SYSTEM = "apple-generic";
				VERSION_INFO_PREFIX = "";
			};
			name = Debug;
		};
		E47E297824C194D900F0B7D7 /* Release */ = {
			isa = XCBuildConfiguration;
			buildSettings = {
				ALWAYS_SEARCH_USER_PATHS = NO;
				CLANG_ANALYZER_NONNULL = YES;
				CLANG_ANALYZER_NUMBER_OBJECT_CONVERSION = YES_AGGRESSIVE;
				CLANG_CXX_LANGUAGE_STANDARD = "gnu++14";
				CLANG_CXX_LIBRARY = "libc++";
				CLANG_ENABLE_MODULES = YES;
				CLANG_ENABLE_OBJC_ARC = YES;
				CLANG_ENABLE_OBJC_WEAK = YES;
				CLANG_WARN_BLOCK_CAPTURE_AUTORELEASING = YES;
				CLANG_WARN_BOOL_CONVERSION = YES;
				CLANG_WARN_COMMA = YES;
				CLANG_WARN_CONSTANT_CONVERSION = YES;
				CLANG_WARN_DEPRECATED_OBJC_IMPLEMENTATIONS = YES;
				CLANG_WARN_DIRECT_OBJC_ISA_USAGE = YES_ERROR;
				CLANG_WARN_DOCUMENTATION_COMMENTS = YES;
				CLANG_WARN_EMPTY_BODY = YES;
				CLANG_WARN_ENUM_CONVERSION = YES;
				CLANG_WARN_INFINITE_RECURSION = YES;
				CLANG_WARN_INT_CONVERSION = YES;
				CLANG_WARN_NON_LITERAL_NULL_CONVERSION = YES;
				CLANG_WARN_OBJC_IMPLICIT_RETAIN_SELF = YES;
				CLANG_WARN_OBJC_LITERAL_CONVERSION = YES;
				CLANG_WARN_OBJC_ROOT_CLASS = YES_ERROR;
				CLANG_WARN_QUOTED_INCLUDE_IN_FRAMEWORK_HEADER = YES;
				CLANG_WARN_RANGE_LOOP_ANALYSIS = YES;
				CLANG_WARN_STRICT_PROTOTYPES = YES;
				CLANG_WARN_SUSPICIOUS_MOVE = YES;
				CLANG_WARN_UNGUARDED_AVAILABILITY = YES_AGGRESSIVE;
				CLANG_WARN_UNREACHABLE_CODE = YES;
				CLANG_WARN__DUPLICATE_METHOD_MATCH = YES;
				COPY_PHASE_STRIP = NO;
				CURRENT_PROJECT_VERSION = "";
				DEBUG_INFORMATION_FORMAT = "dwarf-with-dsym";
				ENABLE_NS_ASSERTIONS = NO;
				ENABLE_STRICT_OBJC_MSGSEND = YES;
				GCC_C_LANGUAGE_STANDARD = gnu11;
				GCC_NO_COMMON_BLOCKS = YES;
				GCC_WARN_64_TO_32_BIT_CONVERSION = YES;
				GCC_WARN_ABOUT_RETURN_TYPE = YES_ERROR;
				GCC_WARN_UNDECLARED_SELECTOR = YES;
				GCC_WARN_UNINITIALIZED_AUTOS = YES_AGGRESSIVE;
				GCC_WARN_UNUSED_FUNCTION = YES;
				GCC_WARN_UNUSED_VARIABLE = YES;
				IPHONEOS_DEPLOYMENT_TARGET = 12.0;
				MTL_ENABLE_DEBUG_INFO = NO;
				MTL_FAST_MATH = YES;
				SDKROOT = iphoneos;
				SWIFT_COMPILATION_MODE = wholemodule;
				SWIFT_OPTIMIZATION_LEVEL = "-O";
				VALIDATE_PRODUCT = YES;
				VERSIONING_SYSTEM = "apple-generic";
				VERSION_INFO_PREFIX = "";
			};
			name = Release;
		};
		E47E297A24C194D900F0B7D7 /* Debug */ = {
			isa = XCBuildConfiguration;
			buildSettings = {
				BUILD_LIBRARY_FOR_DISTRIBUTION = YES;
				CODE_SIGN_IDENTITY = "";
				CODE_SIGN_STYLE = Automatic;
				CURRENT_PROJECT_VERSION = 10;
				DEFINES_MODULE = YES;
				DEVELOPMENT_TEAM = "";
				DYLIB_COMPATIBILITY_VERSION = 1;
				DYLIB_CURRENT_VERSION = 1;
				DYLIB_INSTALL_NAME_BASE = "@rpath";
				ENABLE_MODULE_VERIFIER = YES;
				INFOPLIST_FILE = CICOFoundationKit/main/Info.plist;
				INSTALL_PATH = "$(LOCAL_LIBRARY_DIR)/Frameworks";
				IPHONEOS_DEPLOYMENT_TARGET = 12.0;
				LD_RUNPATH_SEARCH_PATHS = (
					"$(inherited)",
					"@executable_path/Frameworks",
					"@loader_path/Frameworks",
				);
				MARKETING_VERSION = 0.2;
				MODULE_VERIFIER_SUPPORTED_LANGUAGE_STANDARDS = "gnu11 gnu++14";
				PRODUCT_BUNDLE_IDENTIFIER = com.cico.FoundationKit;
				PRODUCT_NAME = "$(TARGET_NAME:c99extidentifier)";
				SKIP_INSTALL = YES;
				SWIFT_VERSION = 5.0;
				TARGETED_DEVICE_FAMILY = "1,2";
			};
			name = Debug;
		};
		E47E297B24C194D900F0B7D7 /* Release */ = {
			isa = XCBuildConfiguration;
			buildSettings = {
				BUILD_LIBRARY_FOR_DISTRIBUTION = YES;
				CODE_SIGN_IDENTITY = "";
				CODE_SIGN_STYLE = Automatic;
				CURRENT_PROJECT_VERSION = 10;
				DEFINES_MODULE = YES;
				DEVELOPMENT_TEAM = "";
				DYLIB_COMPATIBILITY_VERSION = 1;
				DYLIB_CURRENT_VERSION = 1;
				DYLIB_INSTALL_NAME_BASE = "@rpath";
				ENABLE_MODULE_VERIFIER = YES;
				INFOPLIST_FILE = CICOFoundationKit/main/Info.plist;
				INSTALL_PATH = "$(LOCAL_LIBRARY_DIR)/Frameworks";
				IPHONEOS_DEPLOYMENT_TARGET = 12.0;
				LD_RUNPATH_SEARCH_PATHS = (
					"$(inherited)",
					"@executable_path/Frameworks",
					"@loader_path/Frameworks",
				);
				MARKETING_VERSION = 0.2;
				MODULE_VERIFIER_SUPPORTED_LANGUAGE_STANDARDS = "gnu11 gnu++14";
				PRODUCT_BUNDLE_IDENTIFIER = com.cico.FoundationKit;
				PRODUCT_NAME = "$(TARGET_NAME:c99extidentifier)";
				SKIP_INSTALL = YES;
				SWIFT_VERSION = 5.0;
				TARGETED_DEVICE_FAMILY = "1,2";
			};
			name = Release;
		};
/* End XCBuildConfiguration section */

/* Begin XCConfigurationList section */
		E437A84224C1A13500C53176 /* Build configuration list for PBXNativeTarget "CICOFoundationKitTests" */ = {
			isa = XCConfigurationList;
			buildConfigurations = (
				E437A84324C1A13500C53176 /* Debug */,
				E437A84424C1A13500C53176 /* Release */,
			);
			defaultConfigurationIsVisible = 0;
			defaultConfigurationName = Release;
		};
		E437A85E24C1ABFC00C53176 /* Build configuration list for PBXNativeTarget "Demo" */ = {
			isa = XCConfigurationList;
			buildConfigurations = (
				E437A85F24C1ABFC00C53176 /* Debug */,
				E437A86024C1ABFC00C53176 /* Release */,
			);
			defaultConfigurationIsVisible = 0;
			defaultConfigurationName = Release;
		};
		E47E296B24C194D900F0B7D7 /* Build configuration list for PBXProject "CICOFoundationKit" */ = {
			isa = XCConfigurationList;
			buildConfigurations = (
				E47E297724C194D900F0B7D7 /* Debug */,
				E47E297824C194D900F0B7D7 /* Release */,
			);
			defaultConfigurationIsVisible = 0;
			defaultConfigurationName = Release;
		};
		E47E297924C194D900F0B7D7 /* Build configuration list for PBXNativeTarget "CICOFoundationKit" */ = {
			isa = XCConfigurationList;
			buildConfigurations = (
				E47E297A24C194D900F0B7D7 /* Debug */,
				E47E297B24C194D900F0B7D7 /* Release */,
			);
			defaultConfigurationIsVisible = 0;
			defaultConfigurationName = Release;
		};
/* End XCConfigurationList section */
	};
	rootObject = E47E296824C194D900F0B7D7 /* Project object */;
}
